Microsoft Visual Studio Solution File, Format Version 11.00
# Visual Studio 2008

Project("{0FB2314A-7689-FE44-3701-3054521FF5D1}") = "ProjetoTCC2014", "Assembly-CSharp-firstpass.csproj", "{E72FDCF7-EF23-003D-1AD8-E245E01B42A3}"
EndProject
Project("{0FB2314A-7689-FE44-3701-3054521FF5D1}") = "ProjetoTCC2014", "Assembly-UnityScript-firstpass.unityproj", "{57336DCB-9914-9D38-3410-3D60AFB06B19}"
EndProject
Project("{0FB2314A-7689-FE44-3701-3054521FF5D1}") = "ProjetoTCC2014", "Assembly-UnityScript.unityproj", "{82B61DF2-76FD-DE3A-CB8A-2307BEAB0695}"
EndProject
Global
	GlobalSection(SolutionConfigurationPlatforms) = preSolution
		Debug|Any CPU = Debug|Any CPU
		Release|Any CPU = Release|Any CPU
	EndGlobalSection
	GlobalSection(ProjectConfigurationPlatforms) = postSolution
		{E72FDCF7-EF23-003D-1AD8-E245E01B42A3}.Debug|Any CPU.ActiveCfg = Debug|Any CPU
		{E72FDCF7-EF23-003D-1AD8-E245E01B42A3}.Debug|Any CPU.Build.0 = Debug|Any CPU
		{E72FDCF7-EF23-003D-1AD8-E245E01B42A3}.Release|Any CPU.ActiveCfg = Release|Any CPU
		{E72FDCF7-EF23-003D-1AD8-E245E01B42A3}.Release|Any CPU.Build.0 = Release|Any CPU
		{57336DCB-9914-9D38-3410-3D60AFB06B19}.Debug|Any CPU.ActiveCfg = Debug|Any CPU
		{57336DCB-9914-9D38-3410-3D60AFB06B19}.Debug|Any CPU.Build.0 = Debug|Any CPU
		{57336DCB-9914-9D38-3410-3D60AFB06B19}.Release|Any CPU.ActiveCfg = Release|Any CPU
		{57336DCB-9914-9D38-3410-3D60AFB06B19}.Release|Any CPU.Build.0 = Release|Any CPU
		{82B61DF2-76FD-DE3A-CB8A-2307BEAB0695}.Debug|Any CPU.ActiveCfg = Debug|Any CPU
		{82B61DF2-76FD-DE3A-CB8A-2307BEAB0695}.Debug|Any CPU.Build.0 = Debug|Any CPU
		{82B61DF2-76FD-DE3A-CB8A-2307BEAB0695}.Release|Any CPU.ActiveCfg = Release|Any CPU
		{82B61DF2-76FD-DE3A-CB8A-2307BEAB0695}.Release|Any CPU.Build.0 = Release|Any CPU
	EndGlobalSection
	GlobalSection(SolutionProperties) = preSolution
		HideSolutionNode = FALSE
	EndGlobalSection
																																																																																						GlobalSection(MonoDevelopProperties) = preSolution
		StartupItem = Assembly-CSharp.csproj
		Policies = $0
		$0.TextStylePolicy = $1
		$1.inheritsSet = null
		$1.scope = text/x-csharp
		$0.CSharpFormattingPolicy = $2
		$2.inheritsSet = Mono
		$2.inheritsScope = text/x-csharp
		$2.scope = text/x-csharp
		$0.TextStylePolicy = $3
		$3.FileWidth = 120
		$3.TabWidth = 4
		$3.EolMarker = Unix
		$3.inheritsSet = Mono
		$3.inheritsScope = text/plain
		$3.scope = text/plain
	EndGlobalSection

EndGlobal
